
Microsoft Visual Studio Solution File, Format Version 12.00
# Visual Studio Version 16
VisualStudioVersion = 16.0.30907.101
MinimumVisualStudioVersion = 10.0.40219.1
Project("{888888A0-9F3D-457C-B088-3A5042F75D52}") = "Test1", "Test1\Test1.pyproj", "{44AEB015-8914-4D95-B1BF-F0DF6B9471E9}"
EndProject
Global
	GlobalSection(SolutionConfigurationPlatforms) = preSolution
		Debug|Any CPU = Debug|Any CPU
		Release|Any CPU = Release|Any CPU
	EndGlobalSection
	GlobalSection(ProjectConfigurationPlatforms) = postSolution
		{44AEB015-8914-4D95-B1BF-F0DF6B9471E9}.Debug|Any CPU.ActiveCfg = Debug|Any CPU
		{44AEB015-8914-4D95-B1BF-F0DF6B9471E9}.Debug|Any CPU.Build.0 = Debug|Any CPU
		{44AEB015-8914-4D95-B1BF-F0DF6B9471E9}.Release|Any CPU.ActiveCfg = Release|Any CPU
		{44AEB015-8914-4D95-B1BF-F0DF6B9471E9}.Release|Any CPU.Build.0 = Release|Any CPU
	EndGlobalSection
	GlobalSection(SolutionProperties) = preSolution
		HideSolutionNode = FALSE
	EndGlobalSection
	GlobalSection(ExtensibilityGlobals) = postSolution
		SolutionGuid = {3C074927-0BA8-451D-AF69-8EBFDF616DD2}
	EndGlobalSection
EndGlobal
